{
  "name": "websynth",
  "lockfileVersion": 2,
  "requires": true,
  "packages": {
    "": {
      "dependencies": {
        "zepto": "^1.2.0"
      }
    },
    "node_modules/zepto": {
      "version": "1.2.0",
      "resolved": "https://registry.npmjs.org/zepto/-/zepto-1.2.0.tgz",
      "integrity": "sha512-C1x6lfvBICFTQIMgbt3JqMOno3VOtkWat/xEakLTOurskYIHPmzJrzd1e8BnmtdDVJlGuk5D+FxyCA8MPmkIyA=="
    }
  },
  "dependencies": {
    "zepto": {
      "version": "1.2.0",
      "resolved": "https://registry.npmjs.org/zepto/-/zepto-1.2.0.tgz",
      "integrity": "sha512-C1x6lfvBICFTQIMgbt3JqMOno3VOtkWat/xEakLTOurskYIHPmzJrzd1e8BnmtdDVJlGuk5D+FxyCA8MPmkIyA=="
    }
  }
}
